
Microsoft Visual Studio Solution File, Format Version 12.00
# Visual Studio Version 16
VisualStudioVersion = 16.0.36422.26
MinimumVisualStudioVersion = 10.0.40219.1
Project("{8BC9CEB8-8B4A-11D0-8D11-00A0C91BC942}") = "Project1", "Project1\Project1.vcxproj", "{F0E2112B-DB9F-4AC0-810D-3136EBA8F744}"
EndProject
Global
	GlobalSection(SolutionConfigurationPlatforms) = preSolution
		Debug|x64 = Debug|x64
		Debug|x86 = Debug|x86
		Release|x64 = Release|x64
		Release|x86 = Release|x86
	EndGlobalSection
	GlobalSection(ProjectConfigurationPlatforms) = postSolution
		{F0E2112B-DB9F-4AC0-810D-3136EBA8F744}.Debug|x64.ActiveCfg = Debug|x64
		{F0E2112B-DB9F-4AC0-810D-3136EBA8F744}.Debug|x64.Build.0 = Debug|x64
		{F0E2112B-DB9F-4AC0-810D-3136EBA8F744}.Debug|x86.ActiveCfg = Debug|Win32
		{F0E2112B-DB9F-4AC0-810D-3136EBA8F744}.Debug|x86.Build.0 = Debug|Win32
		{F0E2112B-DB9F-4AC0-810D-3136EBA8F744}.Release|x64.ActiveCfg = Release|x64
		{F0E2112B-DB9F-4AC0-810D-3136EBA8F744}.Release|x64.Build.0 = Release|x64
		{F0E2112B-DB9F-4AC0-810D-3136EBA8F744}.Release|x86.ActiveCfg = Release|Win32
		{F0E2112B-DB9F-4AC0-810D-3136EBA8F744}.Release|x86.Build.0 = Release|Win32
	EndGlobalSection
	GlobalSection(SolutionProperties) = preSolution
		HideSolutionNode = FALSE
	EndGlobalSection
	GlobalSection(ExtensibilityGlobals) = postSolution
		SolutionGuid = {259D576F-5D6E-4418-B922-9B9F6397AA79}
	EndGlobalSection
EndGlobal
